
Microsoft Visual Studio Solution File, Format Version 12.00
# Visual Studio Version 17
VisualStudioVersion = 17.14.36127.28 d17.14
MinimumVisualStudioVersion = 10.0.40219.1
Project("{FAE04EC0-301F-11D3-BF4B-00C04F79EFBC}") = "RealEstateApp", "RealEstateApp\RealEstateApp.csproj", "{D81FD57D-0F7D-4443-B761-98313F18A3AD}"
EndProject
Project("{FAE04EC0-301F-11D3-BF4B-00C04F79EFBC}") = "RealEstateApp.Entidades", "RealEstateApp.Entidades\RealEstateApp.Entidades.csproj", "{FFAAED25-223A-4CB3-A444-05109709D7C1}"
EndProject
Project("{FAE04EC0-301F-11D3-BF4B-00C04F79EFBC}") = "RealEstateApp.Datos", "RealEstateApp.Datos\RealEstateApp.Datos.csproj", "{45D1D76F-15C5-4AAF-8B5C-657A9506091B}"
EndProject
Project("{FAE04EC0-301F-11D3-BF4B-00C04F79EFBC}") = "RealEstateApp.Negocio", "RealEstateApp.Negocio\RealEstateApp.Negocio.csproj", "{910741B2-62A3-4B3A-A37E-F3B632316A48}"
EndProject
Project("{FAE04EC0-301F-11D3-BF4B-00C04F79EFBC}") = "RealEstateApp.Shared", "RealEstateApp.Shared\RealEstateApp.Shared.csproj", "{30EA4E66-DDEB-4BCA-8D18-6AC6F36F140D}"
EndProject
Global
	GlobalSection(SolutionConfigurationPlatforms) = preSolution
		Debug|Any CPU = Debug|Any CPU
		Release|Any CPU = Release|Any CPU
	EndGlobalSection
	GlobalSection(ProjectConfigurationPlatforms) = postSolution
		{D81FD57D-0F7D-4443-B761-98313F18A3AD}.Debug|Any CPU.ActiveCfg = Debug|Any CPU
		{D81FD57D-0F7D-4443-B761-98313F18A3AD}.Debug|Any CPU.Build.0 = Debug|Any CPU
		{D81FD57D-0F7D-4443-B761-98313F18A3AD}.Release|Any CPU.ActiveCfg = Release|Any CPU
		{D81FD57D-0F7D-4443-B761-98313F18A3AD}.Release|Any CPU.Build.0 = Release|Any CPU
		{FFAAED25-223A-4CB3-A444-05109709D7C1}.Debug|Any CPU.ActiveCfg = Debug|Any CPU
		{FFAAED25-223A-4CB3-A444-05109709D7C1}.Debug|Any CPU.Build.0 = Debug|Any CPU
		{FFAAED25-223A-4CB3-A444-05109709D7C1}.Release|Any CPU.ActiveCfg = Release|Any CPU
		{FFAAED25-223A-4CB3-A444-05109709D7C1}.Release|Any CPU.Build.0 = Release|Any CPU
		{45D1D76F-15C5-4AAF-8B5C-657A9506091B}.Debug|Any CPU.ActiveCfg = Debug|Any CPU
		{45D1D76F-15C5-4AAF-8B5C-657A9506091B}.Debug|Any CPU.Build.0 = Debug|Any CPU
		{45D1D76F-15C5-4AAF-8B5C-657A9506091B}.Release|Any CPU.ActiveCfg = Release|Any CPU
		{45D1D76F-15C5-4AAF-8B5C-657A9506091B}.Release|Any CPU.Build.0 = Release|Any CPU
		{910741B2-62A3-4B3A-A37E-F3B632316A48}.Debug|Any CPU.ActiveCfg = Debug|Any CPU
		{910741B2-62A3-4B3A-A37E-F3B632316A48}.Debug|Any CPU.Build.0 = Debug|Any CPU
		{910741B2-62A3-4B3A-A37E-F3B632316A48}.Release|Any CPU.ActiveCfg = Release|Any CPU
		{910741B2-62A3-4B3A-A37E-F3B632316A48}.Release|Any CPU.Build.0 = Release|Any CPU
		{30EA4E66-DDEB-4BCA-8D18-6AC6F36F140D}.Debug|Any CPU.ActiveCfg = Debug|Any CPU
		{30EA4E66-DDEB-4BCA-8D18-6AC6F36F140D}.Debug|Any CPU.Build.0 = Debug|Any CPU
		{30EA4E66-DDEB-4BCA-8D18-6AC6F36F140D}.Release|Any CPU.ActiveCfg = Release|Any CPU
		{30EA4E66-DDEB-4BCA-8D18-6AC6F36F140D}.Release|Any CPU.Build.0 = Release|Any CPU
	EndGlobalSection
	GlobalSection(SolutionProperties) = preSolution
		HideSolutionNode = FALSE
	EndGlobalSection
	GlobalSection(ExtensibilityGlobals) = postSolution
		SolutionGuid = {80AB0119-F311-4773-9665-2018C6F8BC04}
	EndGlobalSection
EndGlobal
